
Microsoft Visual Studio Solution File, Format Version 12.00
# Visual Studio Version 16
VisualStudioVersion = 16.0.33214.272
MinimumVisualStudioVersion = 10.0.40219.1
Project("{FAE04EC0-301F-11D3-BF4B-00C04F79EFBC}") = "Infinite.TaxiBookingSystem.API", "Infinite.TaxiBookingSystem.API\Infinite.TaxiBookingSystem.API.csproj", "{7B111225-ED0C-4581-A393-192EA66259CE}"
EndProject
Global
	GlobalSection(SolutionConfigurationPlatforms) = preSolution
		Debug|Any CPU = Debug|Any CPU
		Release|Any CPU = Release|Any CPU
	EndGlobalSection
	GlobalSection(ProjectConfigurationPlatforms) = postSolution
		{7B111225-ED0C-4581-A393-192EA66259CE}.Debug|Any CPU.ActiveCfg = Debug|Any CPU
		{7B111225-ED0C-4581-A393-192EA66259CE}.Debug|Any CPU.Build.0 = Debug|Any CPU
		{7B111225-ED0C-4581-A393-192EA66259CE}.Release|Any CPU.ActiveCfg = Release|Any CPU
		{7B111225-ED0C-4581-A393-192EA66259CE}.Release|Any CPU.Build.0 = Release|Any CPU
	EndGlobalSection
	GlobalSection(SolutionProperties) = preSolution
		HideSolutionNode = FALSE
	EndGlobalSection
	GlobalSection(ExtensibilityGlobals) = postSolution
		SolutionGuid = {CAF510D6-DE63-4D4D-A1C6-78A8D6710AEE}
	EndGlobalSection
EndGlobal
